
Microsoft Visual Studio Solution File, Format Version 12.00
# Visual Studio Version 17
VisualStudioVersion = 17.4.33213.308
MinimumVisualStudioVersion = 10.0.40219.1
Project("{9A19103F-16F7-4668-BE54-9A1E7A4F7556}") = "StoreRopa", "StoreRopa\StoreRopa.csproj", "{44DBC1E6-6CEF-404E-8F49-E8D3123DCCB8}"
EndProject
Global
	GlobalSection(SolutionConfigurationPlatforms) = preSolution
		Debug|Any CPU = Debug|Any CPU
		Release|Any CPU = Release|Any CPU
	EndGlobalSection
	GlobalSection(ProjectConfigurationPlatforms) = postSolution
		{44DBC1E6-6CEF-404E-8F49-E8D3123DCCB8}.Debug|Any CPU.ActiveCfg = Debug|Any CPU
		{44DBC1E6-6CEF-404E-8F49-E8D3123DCCB8}.Debug|Any CPU.Build.0 = Debug|Any CPU
		{44DBC1E6-6CEF-404E-8F49-E8D3123DCCB8}.Release|Any CPU.ActiveCfg = Release|Any CPU
		{44DBC1E6-6CEF-404E-8F49-E8D3123DCCB8}.Release|Any CPU.Build.0 = Release|Any CPU
	EndGlobalSection
	GlobalSection(SolutionProperties) = preSolution
		HideSolutionNode = FALSE
	EndGlobalSection
	GlobalSection(ExtensibilityGlobals) = postSolution
		SolutionGuid = {0697139A-A701-4BEF-815B-5E8FE6F7A688}
	EndGlobalSection
EndGlobal
